
Microsoft Visual Studio Solution File, Format Version 12.00
# Visual Studio Version 16
VisualStudioVersion = 16.0.32106.194
MinimumVisualStudioVersion = 10.0.40219.1
Project("{9A19103F-16F7-4668-BE54-9A1E7A4F7556}") = "VillageManager", "VillageManager.csproj", "{9C17CB42-CB65-4B8F-A427-F74225596A1B}"
EndProject
Global
	GlobalSection(SolutionConfigurationPlatforms) = preSolution
		Debug|Any CPU = Debug|Any CPU
		Release|Any CPU = Release|Any CPU
	EndGlobalSection
	GlobalSection(ProjectConfigurationPlatforms) = postSolution
		{9C17CB42-CB65-4B8F-A427-F74225596A1B}.Debug|Any CPU.ActiveCfg = Debug|Any CPU
		{9C17CB42-CB65-4B8F-A427-F74225596A1B}.Debug|Any CPU.Build.0 = Debug|Any CPU
		{9C17CB42-CB65-4B8F-A427-F74225596A1B}.Release|Any CPU.ActiveCfg = Release|Any CPU
		{9C17CB42-CB65-4B8F-A427-F74225596A1B}.Release|Any CPU.Build.0 = Release|Any CPU
	EndGlobalSection
	GlobalSection(SolutionProperties) = preSolution
		HideSolutionNode = FALSE
	EndGlobalSection
	GlobalSection(ExtensibilityGlobals) = postSolution
		SolutionGuid = {49D233FF-A68A-4910-8096-6EFB8A9F0402}
	EndGlobalSection
EndGlobal
